
Microsoft Visual Studio Solution File, Format Version 12.00
# Visual Studio 14
VisualStudioVersion = 14.0.24720.0
MinimumVisualStudioVersion = 10.0.40219.1
Project("{FAE04EC0-301F-11D3-BF4B-00C04F79EFBC}") = "NativeInjector", "NativeInjector\NativeInjector.csproj", "{E18D09E8-3B04-43E5-836C-E268B9AD16C4}"
	ProjectSection(ProjectDependencies) = postProject
		{039CD228-469B-45E4-80A8-D3432E07D3F6} = {039CD228-469B-45E4-80A8-D3432E07D3F6}
		{3F749A65-BEF5-48F8-9516-F83515EE1991} = {3F749A65-BEF5-48F8-9516-F83515EE1991}
		{EE9C629A-7985-4A01-A66F-78ADBB172438} = {EE9C629A-7985-4A01-A66F-78ADBB172438}
	EndProjectSection
EndProject
Project("{8BC9CEB8-8B4A-11D0-8D11-00A0C91BC942}") = "WinstonEnvUpdate", "WinstonEnvUpdate\WinstonEnvUpdate.vcxproj", "{039CD228-469B-45E4-80A8-D3432E07D3F6}"
EndProject
Project("{8BC9CEB8-8B4A-11D0-8D11-00A0C91BC942}") = "WinstonEnvUpdate.64", "WinstonEnvUpdate\WinstonEnvUpdate.64.vcxproj", "{3F749A65-BEF5-48F8-9516-F83515EE1991}"
EndProject
Project("{8BC9CEB8-8B4A-11D0-8D11-00A0C91BC942}") = "InjectHost", "InjectHost\InjectHost.vcxproj", "{3D7268BF-D850-48B2-A045-72A8F29E2F02}"
EndProject
Project("{FAE04EC0-301F-11D3-BF4B-00C04F79EFBC}") = "NativeInjector.Test", "NativeInjector.Test\NativeInjector.Test.csproj", "{42CED5D1-2BB7-4F80-A30C-04167BDBBF08}"
	ProjectSection(ProjectDependencies) = postProject
		{E6890D14-77BB-4F25-A40B-174593D43125} = {E6890D14-77BB-4F25-A40B-174593D43125}
		{3D7268BF-D850-48B2-A045-72A8F29E2F02} = {3D7268BF-D850-48B2-A045-72A8F29E2F02}
	EndProjectSection
EndProject
Project("{8BC9CEB8-8B4A-11D0-8D11-00A0C91BC942}") = "InjectHost.64", "InjectHost\InjectHost.64.vcxproj", "{E6890D14-77BB-4F25-A40B-174593D43125}"
EndProject
Project("{FAE04EC0-301F-11D3-BF4B-00C04F79EFBC}") = "RunAs32", "RunAs32\RunAs32.csproj", "{EE9C629A-7985-4A01-A66F-78ADBB172438}"
EndProject
Global
	GlobalSection(SolutionConfigurationPlatforms) = preSolution
		Debug|Any CPU = Debug|Any CPU
		Release|Any CPU = Release|Any CPU
	EndGlobalSection
	GlobalSection(ProjectConfigurationPlatforms) = postSolution
		{E18D09E8-3B04-43E5-836C-E268B9AD16C4}.Debug|Any CPU.ActiveCfg = Debug|Any CPU
		{E18D09E8-3B04-43E5-836C-E268B9AD16C4}.Debug|Any CPU.Build.0 = Debug|Any CPU
		{E18D09E8-3B04-43E5-836C-E268B9AD16C4}.Release|Any CPU.ActiveCfg = Release|Any CPU
		{E18D09E8-3B04-43E5-836C-E268B9AD16C4}.Release|Any CPU.Build.0 = Release|Any CPU
		{039CD228-469B-45E4-80A8-D3432E07D3F6}.Debug|Any CPU.ActiveCfg = Debug|Win32
		{039CD228-469B-45E4-80A8-D3432E07D3F6}.Debug|Any CPU.Build.0 = Debug|Win32
		{039CD228-469B-45E4-80A8-D3432E07D3F6}.Release|Any CPU.ActiveCfg = Release|Win32
		{039CD228-469B-45E4-80A8-D3432E07D3F6}.Release|Any CPU.Build.0 = Release|Win32
		{3F749A65-BEF5-48F8-9516-F83515EE1991}.Debug|Any CPU.ActiveCfg = Debug|x64
		{3F749A65-BEF5-48F8-9516-F83515EE1991}.Debug|Any CPU.Build.0 = Debug|x64
		{3F749A65-BEF5-48F8-9516-F83515EE1991}.Release|Any CPU.ActiveCfg = Release|x64
		{3F749A65-BEF5-48F8-9516-F83515EE1991}.Release|Any CPU.Build.0 = Release|x64
		{3D7268BF-D850-48B2-A045-72A8F29E2F02}.Debug|Any CPU.ActiveCfg = Debug|Win32
		{3D7268BF-D850-48B2-A045-72A8F29E2F02}.Debug|Any CPU.Build.0 = Debug|Win32
		{3D7268BF-D850-48B2-A045-72A8F29E2F02}.Release|Any CPU.ActiveCfg = Release|Win32
		{3D7268BF-D850-48B2-A045-72A8F29E2F02}.Release|Any CPU.Build.0 = Release|Win32
		{42CED5D1-2BB7-4F80-A30C-04167BDBBF08}.Debug|Any CPU.ActiveCfg = Debug|Any CPU
		{42CED5D1-2BB7-4F80-A30C-04167BDBBF08}.Debug|Any CPU.Build.0 = Debug|Any CPU
		{42CED5D1-2BB7-4F80-A30C-04167BDBBF08}.Release|Any CPU.ActiveCfg = Release|Any CPU
		{42CED5D1-2BB7-4F80-A30C-04167BDBBF08}.Release|Any CPU.Build.0 = Release|Any CPU
		{E6890D14-77BB-4F25-A40B-174593D43125}.Debug|Any CPU.ActiveCfg = Debug|x64
		{E6890D14-77BB-4F25-A40B-174593D43125}.Debug|Any CPU.Build.0 = Debug|x64
		{E6890D14-77BB-4F25-A40B-174593D43125}.Release|Any CPU.ActiveCfg = Release|x64
		{E6890D14-77BB-4F25-A40B-174593D43125}.Release|Any CPU.Build.0 = Release|x64
		{EE9C629A-7985-4A01-A66F-78ADBB172438}.Debug|Any CPU.ActiveCfg = Debug|x86
		{EE9C629A-7985-4A01-A66F-78ADBB172438}.Debug|Any CPU.Build.0 = Debug|x86
		{EE9C629A-7985-4A01-A66F-78ADBB172438}.Release|Any CPU.ActiveCfg = Release|x86
		{EE9C629A-7985-4A01-A66F-78ADBB172438}.Release|Any CPU.Build.0 = Release|x86
	EndGlobalSection
	GlobalSection(SolutionProperties) = preSolution
		HideSolutionNode = FALSE
	EndGlobalSection
EndGlobal
